
Microsoft Visual Studio Solution File, Format Version 12.00
# Visual Studio 15
VisualStudioVersion = 15.0.36001.139
MinimumVisualStudioVersion = 10.0.40219.1
Project("{FAE04EC0-301F-11D3-BF4B-00C04F79EFBC}") = "Clock", "Clock\Clock.csproj", "{A014E302-7959-4B9B-8327-F1333E24E2B1}"
EndProject
Global
	GlobalSection(SolutionConfigurationPlatforms) = preSolution
		Debug|x64 = Debug|x64
		Debug|x86 = Debug|x86
		Release|x64 = Release|x64
		Release|x86 = Release|x86
	EndGlobalSection
	GlobalSection(ProjectConfigurationPlatforms) = postSolution
		{A014E302-7959-4B9B-8327-F1333E24E2B1}.Debug|x64.ActiveCfg = Debug|Any CPU
		{A014E302-7959-4B9B-8327-F1333E24E2B1}.Debug|x64.Build.0 = Debug|Any CPU
		{A014E302-7959-4B9B-8327-F1333E24E2B1}.Debug|x86.ActiveCfg = Debug|Any CPU
		{A014E302-7959-4B9B-8327-F1333E24E2B1}.Debug|x86.Build.0 = Debug|Any CPU
		{A014E302-7959-4B9B-8327-F1333E24E2B1}.Release|x64.ActiveCfg = Release|Any CPU
		{A014E302-7959-4B9B-8327-F1333E24E2B1}.Release|x64.Build.0 = Release|Any CPU
		{A014E302-7959-4B9B-8327-F1333E24E2B1}.Release|x86.ActiveCfg = Release|Any CPU
		{A014E302-7959-4B9B-8327-F1333E24E2B1}.Release|x86.Build.0 = Release|Any CPU
	EndGlobalSection
	GlobalSection(SolutionProperties) = preSolution
		HideSolutionNode = FALSE
	EndGlobalSection
	GlobalSection(ExtensibilityGlobals) = postSolution
		SolutionGuid = {8ABDE318-2086-488B-B3FD-F06BBE1B02A3}
	EndGlobalSection
EndGlobal
